PODS:
  - GCDWebServer (3.5.4):
    - GCDWebServer/Core (= 3.5.4)
  - GCDWebServer/Core (3.5.4)
  - GCDWebServer/WebDAV (3.5.4):
    - GCDWebServer/Core
  - GCDWebServer/WebUploader (3.5.4):
    - GCDWebServer/Core
  - KBSanboxBrowser (0.1.0):
    - GCDWebServer
    - GCDWebServer/WebDAV
    - GCDWebServer/WebUploader

DEPENDENCIES:
  - KBSanboxBrowser (from `../`)

SPEC REPOS:
  trunk:
    - GCDWebServer

EXTERNAL SOURCES:
  KBSanboxBrowser:
    :path: "../"

SPEC CHECKSUMS:
  GCDWebServer: 2c156a56c8226e2d5c0c3f208a3621ccffbe3ce4
  KBSanboxBrowser: 861558382b4be4651721f6d00090cdcae9d0ab84

PODFILE CHECKSUM: 5d78185ff3b6266abef3c5bcae951fce76c3e136

COCOAPODS: 1.16.2
